
Microsoft Visual Studio Solution File, Format Version 12.00
# Visual Studio Version 17
VisualStudioVersion = 17.14.36717.8
MinimumVisualStudioVersion = 10.0.40219.1
Project("{FAE04EC0-301F-11D3-BF4B-00C04F79EFBC}") = "PayrollManagementSystem", "PayrollManagementSystem.csproj", "{CC4E95A9-1E40-4D72-8BE3-8282A05649DD}"
EndProject
Global
	GlobalSection(SolutionConfigurationPlatforms) = preSolution
		Debug|Any CPU = Debug|Any CPU
		Release|Any CPU = Release|Any CPU
	EndGlobalSection
	GlobalSection(ProjectConfigurationPlatforms) = postSolution
		{CC4E95A9-1E40-4D72-8BE3-8282A05649DD}.Debug|Any CPU.ActiveCfg = Debug|Any CPU
		{CC4E95A9-1E40-4D72-8BE3-8282A05649DD}.Debug|Any CPU.Build.0 = Debug|Any CPU
		{CC4E95A9-1E40-4D72-8BE3-8282A05649DD}.Release|Any CPU.ActiveCfg = Release|Any CPU
		{CC4E95A9-1E40-4D72-8BE3-8282A05649DD}.Release|Any CPU.Build.0 = Release|Any CPU
	EndGlobalSection
	GlobalSection(SolutionProperties) = preSolution
		HideSolutionNode = FALSE
	EndGlobalSection
	GlobalSection(ExtensibilityGlobals) = postSolution
		SolutionGuid = {353DF97C-112A-4E3C-8D5E-2C6DAD5428CB}
	EndGlobalSection
EndGlobal
